
Microsoft Visual Studio Solution File, Format Version 12.00
# Visual Studio Version 16
VisualStudioVersion = 16.0.31729.503
MinimumVisualStudioVersion = 10.0.40219.1
Project("{FAE04EC0-301F-11D3-BF4B-00C04F79EFBC}") = "Samples", "Samples\Samples.csproj", "{C3CCD2BF-3272-4952-AA4A-3817F5E8692C}"
EndProject
Project("{FAE04EC0-301F-11D3-BF4B-00C04F79EFBC}") = "Samples2", "Samples2\Samples2.csproj", "{734F4B53-AA62-4CAA-8C7D-A361D60D03B6}"
EndProject
Project("{FAE04EC0-301F-11D3-BF4B-00C04F79EFBC}") = "Challenges", "Challenges\Challenges.csproj", "{10138BA7-F52B-4C90-BA80-BFB68A64C364}"
EndProject
Project("{FAE04EC0-301F-11D3-BF4B-00C04F79EFBC}") = "Samples3", "Samples3\Samples3.csproj", "{73EE0361-A6F2-42FF-B1AF-69966E789ADA}"
EndProject
Project("{FAE04EC0-301F-11D3-BF4B-00C04F79EFBC}") = "Samples4", "Samples4\Samples4.csproj", "{1C6974F8-B953-4282-88A0-05D45F1433ED}"
EndProject
Global
	GlobalSection(SolutionConfigurationPlatforms) = preSolution
		Debug|Any CPU = Debug|Any CPU
		Release|Any CPU = Release|Any CPU
	EndGlobalSection
	GlobalSection(ProjectConfigurationPlatforms) = postSolution
		{C3CCD2BF-3272-4952-AA4A-3817F5E8692C}.Debug|Any CPU.ActiveCfg = Debug|Any CPU
		{C3CCD2BF-3272-4952-AA4A-3817F5E8692C}.Debug|Any CPU.Build.0 = Debug|Any CPU
		{C3CCD2BF-3272-4952-AA4A-3817F5E8692C}.Release|Any CPU.ActiveCfg = Release|Any CPU
		{C3CCD2BF-3272-4952-AA4A-3817F5E8692C}.Release|Any CPU.Build.0 = Release|Any CPU
		{734F4B53-AA62-4CAA-8C7D-A361D60D03B6}.Debug|Any CPU.ActiveCfg = Debug|Any CPU
		{734F4B53-AA62-4CAA-8C7D-A361D60D03B6}.Debug|Any CPU.Build.0 = Debug|Any CPU
		{734F4B53-AA62-4CAA-8C7D-A361D60D03B6}.Release|Any CPU.ActiveCfg = Release|Any CPU
		{734F4B53-AA62-4CAA-8C7D-A361D60D03B6}.Release|Any CPU.Build.0 = Release|Any CPU
		{10138BA7-F52B-4C90-BA80-BFB68A64C364}.Debug|Any CPU.ActiveCfg = Debug|Any CPU
		{10138BA7-F52B-4C90-BA80-BFB68A64C364}.Debug|Any CPU.Build.0 = Debug|Any CPU
		{10138BA7-F52B-4C90-BA80-BFB68A64C364}.Release|Any CPU.ActiveCfg = Release|Any CPU
		{10138BA7-F52B-4C90-BA80-BFB68A64C364}.Release|Any CPU.Build.0 = Release|Any CPU
		{73EE0361-A6F2-42FF-B1AF-69966E789ADA}.Debug|Any CPU.ActiveCfg = Debug|Any CPU
		{73EE0361-A6F2-42FF-B1AF-69966E789ADA}.Debug|Any CPU.Build.0 = Debug|Any CPU
		{73EE0361-A6F2-42FF-B1AF-69966E789ADA}.Release|Any CPU.ActiveCfg = Release|Any CPU
		{73EE0361-A6F2-42FF-B1AF-69966E789ADA}.Release|Any CPU.Build.0 = Release|Any CPU
		{1C6974F8-B953-4282-88A0-05D45F1433ED}.Debug|Any CPU.ActiveCfg = Debug|Any CPU
		{1C6974F8-B953-4282-88A0-05D45F1433ED}.Debug|Any CPU.Build.0 = Debug|Any CPU
		{1C6974F8-B953-4282-88A0-05D45F1433ED}.Release|Any CPU.ActiveCfg = Release|Any CPU
		{1C6974F8-B953-4282-88A0-05D45F1433ED}.Release|Any CPU.Build.0 = Release|Any CPU
	EndGlobalSection
	GlobalSection(SolutionProperties) = preSolution
		HideSolutionNode = FALSE
	EndGlobalSection
	GlobalSection(ExtensibilityGlobals) = postSolution
		SolutionGuid = {9F8D9B07-CEA3-4DDE-99EF-52ABD2FA1F51}
	EndGlobalSection
EndGlobal
