
Microsoft Visual Studio Solution File, Format Version 12.00
# Visual Studio Version 16
VisualStudioVersion = 16.0.31729.503
MinimumVisualStudioVersion = 10.0.40219.1
Project("{9A19103F-16F7-4668-BE54-9A1E7A4F7556}") = "Samples01", "Samples01\Samples01.csproj", "{971CF3E4-39A1-46F2-93BC-A0757D5F5536}"
EndProject
Project("{9A19103F-16F7-4668-BE54-9A1E7A4F7556}") = "Challenges", "Challenges\Challenges.csproj", "{B96D5797-0276-4E7A-AC47-DF20A31DC168}"
EndProject
Project("{9A19103F-16F7-4668-BE54-9A1E7A4F7556}") = "Samples02", "Samples02\Samples02.csproj", "{8ECBDF70-801F-4D0D-BBEA-55B7AA69F761}"
EndProject
Project("{FAE04EC0-301F-11D3-BF4B-00C04F79EFBC}") = "Samples03", "Samples03\Samples03.csproj", "{693CEACE-7C0F-4D4D-9417-87FC7FE5BC01}"
EndProject
Global
	GlobalSection(SolutionConfigurationPlatforms) = preSolution
		Debug|Any CPU = Debug|Any CPU
		Release|Any CPU = Release|Any CPU
	EndGlobalSection
	GlobalSection(ProjectConfigurationPlatforms) = postSolution
		{971CF3E4-39A1-46F2-93BC-A0757D5F5536}.Debug|Any CPU.ActiveCfg = Debug|Any CPU
		{971CF3E4-39A1-46F2-93BC-A0757D5F5536}.Debug|Any CPU.Build.0 = Debug|Any CPU
		{971CF3E4-39A1-46F2-93BC-A0757D5F5536}.Release|Any CPU.ActiveCfg = Release|Any CPU
		{971CF3E4-39A1-46F2-93BC-A0757D5F5536}.Release|Any CPU.Build.0 = Release|Any CPU
		{B96D5797-0276-4E7A-AC47-DF20A31DC168}.Debug|Any CPU.ActiveCfg = Debug|Any CPU
		{B96D5797-0276-4E7A-AC47-DF20A31DC168}.Debug|Any CPU.Build.0 = Debug|Any CPU
		{B96D5797-0276-4E7A-AC47-DF20A31DC168}.Release|Any CPU.ActiveCfg = Release|Any CPU
		{B96D5797-0276-4E7A-AC47-DF20A31DC168}.Release|Any CPU.Build.0 = Release|Any CPU
		{8ECBDF70-801F-4D0D-BBEA-55B7AA69F761}.Debug|Any CPU.ActiveCfg = Debug|Any CPU
		{8ECBDF70-801F-4D0D-BBEA-55B7AA69F761}.Debug|Any CPU.Build.0 = Debug|Any CPU
		{8ECBDF70-801F-4D0D-BBEA-55B7AA69F761}.Release|Any CPU.ActiveCfg = Release|Any CPU
		{8ECBDF70-801F-4D0D-BBEA-55B7AA69F761}.Release|Any CPU.Build.0 = Release|Any CPU
		{693CEACE-7C0F-4D4D-9417-87FC7FE5BC01}.Debug|Any CPU.ActiveCfg = Debug|Any CPU
		{693CEACE-7C0F-4D4D-9417-87FC7FE5BC01}.Debug|Any CPU.Build.0 = Debug|Any CPU
		{693CEACE-7C0F-4D4D-9417-87FC7FE5BC01}.Release|Any CPU.ActiveCfg = Release|Any CPU
		{693CEACE-7C0F-4D4D-9417-87FC7FE5BC01}.Release|Any CPU.Build.0 = Release|Any CPU
	EndGlobalSection
	GlobalSection(SolutionProperties) = preSolution
		HideSolutionNode = FALSE
	EndGlobalSection
	GlobalSection(ExtensibilityGlobals) = postSolution
		SolutionGuid = {40FB13A2-7733-4311-A0D5-0E7ABF5A7CDC}
	EndGlobalSection
EndGlobal
